
Microsoft Visual Studio Solution File, Format Version 12.00
# Visual Studio 15
VisualStudioVersion = 15.0.26730.15
MinimumVisualStudioVersion = 10.0.40219.1
Project("{FAE04EC0-301F-11D3-BF4B-00C04F79EFBC}") = "home2909", "home2909\home2909.csproj", "{C4BA46E9-8989-4D18-A81C-9215603ABFD2}"
EndProject
Project("{FAE04EC0-301F-11D3-BF4B-00C04F79EFBC}") = "newOne", "newOne\newOne.csproj", "{C6615CB5-4508-42FE-AFE3-89EC41701CA0}"
EndProject
Global
	GlobalSection(SolutionConfigurationPlatforms) = preSolution
		Debug|Any CPU = Debug|Any CPU
		Release|Any CPU = Release|Any CPU
	EndGlobalSection
	GlobalSection(ProjectConfigurationPlatforms) = postSolution
		{C4BA46E9-8989-4D18-A81C-9215603ABFD2}.Debug|Any CPU.ActiveCfg = Debug|Any CPU
		{C4BA46E9-8989-4D18-A81C-9215603ABFD2}.Debug|Any CPU.Build.0 = Debug|Any CPU
		{C4BA46E9-8989-4D18-A81C-9215603ABFD2}.Release|Any CPU.ActiveCfg = Release|Any CPU
		{C4BA46E9-8989-4D18-A81C-9215603ABFD2}.Release|Any CPU.Build.0 = Release|Any CPU
		{C6615CB5-4508-42FE-AFE3-89EC41701CA0}.Debug|Any CPU.ActiveCfg = Debug|Any CPU
		{C6615CB5-4508-42FE-AFE3-89EC41701CA0}.Debug|Any CPU.Build.0 = Debug|Any CPU
		{C6615CB5-4508-42FE-AFE3-89EC41701CA0}.Release|Any CPU.ActiveCfg = Release|Any CPU
		{C6615CB5-4508-42FE-AFE3-89EC41701CA0}.Release|Any CPU.Build.0 = Release|Any CPU
	EndGlobalSection
	GlobalSection(SolutionProperties) = preSolution
		HideSolutionNode = FALSE
	EndGlobalSection
	GlobalSection(ExtensibilityGlobals) = postSolution
		SolutionGuid = {F884B40D-8E49-49BB-8282-4CF369662939}
	EndGlobalSection
EndGlobal
